
Microsoft Visual Studio Solution File, Format Version 12.00
# Visual Studio Version 17
VisualStudioVersion = 17.8.34330.188
MinimumVisualStudioVersion = 10.0.40219.1
Project("{9A19103F-16F7-4668-BE54-9A1E7A4F7556}") = "EventSchedule", "EventSchedule.csproj", "{9A0C6424-5390-4A6A-B9C4-A08F9B6EA296}"
EndProject
Global
	GlobalSection(SolutionConfigurationPlatforms) = preSolution
		Debug|Any CPU = Debug|Any CPU
		Release|Any CPU = Release|Any CPU
	EndGlobalSection
	GlobalSection(ProjectConfigurationPlatforms) = postSolution
		{9A0C6424-5390-4A6A-B9C4-A08F9B6EA296}.Debug|Any CPU.ActiveCfg = Debug|Any CPU
		{9A0C6424-5390-4A6A-B9C4-A08F9B6EA296}.Debug|Any CPU.Build.0 = Debug|Any CPU
		{9A0C6424-5390-4A6A-B9C4-A08F9B6EA296}.Release|Any CPU.ActiveCfg = Release|Any CPU
		{9A0C6424-5390-4A6A-B9C4-A08F9B6EA296}.Release|Any CPU.Build.0 = Release|Any CPU
	EndGlobalSection
	GlobalSection(SolutionProperties) = preSolution
		HideSolutionNode = FALSE
	EndGlobalSection
	GlobalSection(ExtensibilityGlobals) = postSolution
		SolutionGuid = {65281A0D-9117-4B15-999D-73A71AFFC713}
	EndGlobalSection
EndGlobal
